
Microsoft Visual Studio Solution File, Format Version 12.00
# Visual Studio Version 17
VisualStudioVersion = 17.14.36717.8 d17.14
MinimumVisualStudioVersion = 10.0.40219.1
Project("{FAE04EC0-301F-11D3-BF4B-00C04F79EFBC}") = "gitapp", "gitapp\gitapp.csproj", "{3C002414-B956-499A-AAF2-4EAF9757E0B2}"
EndProject
Global
	GlobalSection(SolutionConfigurationPlatforms) = preSolution
		Debug|Any CPU = Debug|Any CPU
		Release|Any CPU = Release|Any CPU
	EndGlobalSection
	GlobalSection(ProjectConfigurationPlatforms) = postSolution
		{3C002414-B956-499A-AAF2-4EAF9757E0B2}.Debug|Any CPU.ActiveCfg = Debug|Any CPU
		{3C002414-B956-499A-AAF2-4EAF9757E0B2}.Debug|Any CPU.Build.0 = Debug|Any CPU
		{3C002414-B956-499A-AAF2-4EAF9757E0B2}.Release|Any CPU.ActiveCfg = Release|Any CPU
		{3C002414-B956-499A-AAF2-4EAF9757E0B2}.Release|Any CPU.Build.0 = Release|Any CPU
	EndGlobalSection
	GlobalSection(SolutionProperties) = preSolution
		HideSolutionNode = FALSE
	EndGlobalSection
	GlobalSection(ExtensibilityGlobals) = postSolution
		SolutionGuid = {24D5F6EC-1100-4935-B5E5-EF2D50DFC374}
	EndGlobalSection
EndGlobal
